// !$*UTF8*$!
{
	archiveVersion = 1;
	classes = {
	};
	objectVersion = 50;
	objects = {

/* Begin PBXBuildFile section */
		D71A6F0E26447B5D00084DFF /* EmailExtention.swift in Sources */ = {isa = PBXBuildFile; fileRef = D71A6F0D26447B5D00084DFF /* EmailExtention.swift */; };
		D74E4AFC262F79F5001111DD /* SignUpApp.swift in Sources */ = {isa = PBXBuildFile; fileRef = D74E4AFB262F79F5001111DD /* SignUpApp.swift */; };
		D74E4AFE262F79F5001111DD /* ContentView.swift in Sources */ = {isa = PBXBuildFile; fileRef = D74E4AFD262F79F5001111DD /* ContentView.swift */; };
		D74E4B00262F79FA001111DD /* Assets.xcassets in Resources */ = {isa = PBXBuildFile; fileRef = D74E4AFF262F79FA001111DD /* Assets.xcassets */; };
		D74E4B03262F79FA001111DD /* Preview Assets.xcassets in Resources */ = {isa = PBXBuildFile; fileRef = D74E4B02262F79FA001111DD /* Preview Assets.xcassets */; };
		D74E4B0E262F79FB001111DD /* SignUpTests.swift in Sources */ = {isa = PBXBuildFile; fileRef = D74E4B0D262F79FB001111DD /* SignUpTests.swift */; };
		D74E4B19262F79FB001111DD /* SignUpUITests.swift in Sources */ = {isa = PBXBuildFile; fileRef = D74E4B18262F79FB001111DD /* SignUpUITests.swift */; };
/* End PBXBuildFile section */

/* Begin PBXContainerItemProxy section */
		D74E4B0A262F79FB001111DD /* PBXContainerItemProxy */ = {
			isa = PBXContainerItemProxy;
			containerPortal = D74E4AF0262F79F5001111DD /* Project object */;
			proxyType = 1;
			remoteGlobalIDString = D74E4AF7262F79F5001111DD;
			remoteInfo = SignUp;
		};
		D74E4B15262F79FB001111DD /* PBXContainerItemProxy */ = {
			isa = PBXContainerItemProxy;
			containerPortal = D74E4AF0262F79F5001111DD /* Project object */;
			proxyType = 1;
			remoteGlobalIDString = D74E4AF7262F79F5001111DD;
			remoteInfo = SignUp;
		};
/* End PBXContainerItemProxy section */

/* Begin PBXFileReference section */
		D71A6F0D26447B5D00084DFF /* EmailExtention.swift */ = {isa = PBXFileReference; lastKnownFileType = sourcecode.swift; path = EmailExtention.swift; sourceTree = "<group>"; };
		D74E4AF8262F79F5001111DD /* SignUp.app */ = {isa = PBXFileReference; explicitFileType = wrapper.application; includeInIndex = 0; path = SignUp.app; sourceTree = BUILT_PRODUCTS_DIR; };
		D74E4AFB262F79F5001111DD /* SignUpApp.swift */ = {isa = PBXFileReference; lastKnownFileType = sourcecode.swift; path = SignUpApp.swift; sourceTree = "<group>"; };
		D74E4AFD262F79F5001111DD /* ContentView.swift */ = {isa = PBXFileReference; lastKnownFileType = sourcecode.swift; path = ContentView.swift; sourceTree = "<group>"; };
		D74E4AFF262F79FA001111DD /* Assets.xcassets */ = {isa = PBXFileReference; lastKnownFileType = folder.assetcatalog; path = Assets.xcassets; sourceTree = "<group>"; };
		D74E4B02262F79FA001111DD /* Preview Assets.xcassets */ = {isa = PBXFileReference; lastKnownFileType = folder.assetcatalog; path = "Preview Assets.xcassets"; sourceTree = "<group>"; };
		D74E4B04262F79FA001111DD /* Info.plist */ = {isa = PBXFileReference; lastKnownFileType = text.plist.xml; path = Info.plist; sourceTree = "<group>"; };
		D74E4B09262F79FB001111DD /* SignUpTests.xctest */ = {isa = PBXFileReference; explicitFileType = wrapper.cfbundle; includeInIndex = 0; path = SignUpTests.xctest; sourceTree = BUILT_PRODUCTS_DIR; };
		D74E4B0D262F79FB001111DD /* SignUpTests.swift */ = {isa = PBXFileReference; lastKnownFileType = sourcecode.swift; path = SignUpTests.swift; sourceTree = "<group>"; };
		D74E4B0F262F79FB001111DD /* Info.plist */ = {isa = PBXFileReference; lastKnownFileType = text.plist.xml; path = Info.plist; sourceTree = "<group>"; };
		D74E4B14262F79FB001111DD /* SignUpUITests.xctest */ = {isa = PBXFileReference; explicitFileType = wrapper.cfbundle; includeInIndex = 0; path = SignUpUITests.xctest; sourceTree = BUILT_PRODUCTS_DIR; };
		D74E4B18262F79FB001111DD /* SignUpUITests.swift */ = {isa = PBXFileReference; lastKnownFileType = sourcecode.swift; path = SignUpUITests.swift; sourceTree = "<group>"; };
		D74E4B1A262F79FB001111DD /* Info.plist */ = {isa = PBXFileReference; lastKnownFileType = text.plist.xml; path = Info.plist; sourceTree = "<group>"; };
/* End PBXFileReference section */

/* Begin PBXFrameworksBuildPhase section */
		D74E4AF5262F79F5001111DD /* Frameworks */ = {
			isa = PBXFrameworksBuildPhase;
			buildActionMask = 2147483647;
			files = (
			);
			runOnlyForDeploymentPostprocessing = 0;
		};
		D74E4B06262F79FB001111DD /* Frameworks */ = {
			isa = PBXFrameworksBuildPhase;
			buildActionMask = 2147483647;
			files = (
			);
			runOnlyForDeploymentPostprocessing = 0;
		};
		D74E4B11262F79FB001111DD /* Frameworks */ = {
			isa = PBXFrameworksBuildPhase;
			buildActionMask = 2147483647;
			files = (
			);
			runOnlyForDeploymentPostprocessing = 0;
		};
/* End PBXFrameworksBuildPhase section */

/* Begin PBXGroup section */
		D71A6F0C26447B3700084DFF /* Extention */ = {
			isa = PBXGroup;
			children = (
				D71A6F0D26447B5D00084DFF /* EmailExtention.swift */,
			);
			path = Extention;
			sourceTree = "<group>";
		};
		D74E4AEF262F79F5001111DD = {
			isa = PBXGroup;
			children = (
				D74E4AFA262F79F5001111DD /* SignUp */,
				D74E4B0C262F79FB001111DD /* SignUpTests */,
				D74E4B17262F79FB001111DD /* SignUpUITests */,
				D74E4AF9262F79F5001111DD /* Products */,
			);
			sourceTree = "<group>";
		};
		D74E4AF9262F79F5001111DD /* Products */ = {
			isa = PBXGroup;
			children = (
				D74E4AF8262F79F5001111DD /* SignUp.app */,
				D74E4B09262F79FB001111DD /* SignUpTests.xctest */,
				D74E4B14262F79FB001111DD /* SignUpUITests.xctest */,
			);
			name = Products;
			sourceTree = "<group>";
		};
		D74E4AFA262F79F5001111DD /* SignUp */ = {
			isa = PBXGroup;
			children = (
				D71A6F0C26447B3700084DFF /* Extention */,
				D74E4AFB262F79F5001111DD /* SignUpApp.swift */,
				D74E4AFD262F79F5001111DD /* ContentView.swift */,
				D74E4AFF262F79FA001111DD /* Assets.xcassets */,
				D74E4B04262F79FA001111DD /* Info.plist */,
				D74E4B01262F79FA001111DD /* Preview Content */,
			);
			path = SignUp;
			sourceTree = "<group>";
		};
		D74E4B01262F79FA001111DD /* Preview Content */ = {
			isa = PBXGroup;
			children = (
				D74E4B02262F79FA001111DD /* Preview Assets.xcassets */,
			);
			path = "Preview Content";
			sourceTree = "<group>";
		};
		D74E4B0C262F79FB001111DD /* SignUpTests */ = {
			isa = PBXGroup;
			children = (
				D74E4B0D262F79FB001111DD /* SignUpTests.swift */,
				D74E4B0F262F79FB001111DD /* Info.plist */,
			);
			path = SignUpTests;
			sourceTree = "<group>";
		};
		D74E4B17262F79FB001111DD /* SignUpUITests */ = {
			isa = PBXGroup;
			children = (
				D74E4B18262F79FB001111DD /* SignUpUITests.swift */,
				D74E4B1A262F79FB001111DD /* Info.plist */,
			);
			path = SignUpUITests;
			sourceTree = "<group>";
		};
/* End PBXGroup section */

/* Begin PBXNativeTarget section */
		D74E4AF7262F79F5001111DD /* SignUp */ = {
			isa = PBXNativeTarget;
			buildConfigurationList = D74E4B1D262F79FB001111DD /* Build configuration list for PBXNativeTarget "SignUp" */;
			buildPhases = (
				D74E4AF4262F79F5001111DD /* Sources */,
				D74E4AF5262F79F5001111DD /* Frameworks */,
				D74E4AF6262F79F5001111DD /* Resources */,
			);
			buildRules = (
			);
			dependencies = (
			);
			name = SignUp;
			productName = SignUp;
			productReference = D74E4AF8262F79F5001111DD /* SignUp.app */;
			productType = "com.apple.product-type.application";
		};
		D74E4B08262F79FB001111DD /* SignUpTests */ = {
			isa = PBXNativeTarget;
			buildConfigurationList = D74E4B20262F79FB001111DD /* Build configuration list for PBXNativeTarget "SignUpTests" */;
			buildPhases = (
				D74E4B05262F79FB001111DD /* Sources */,
				D74E4B06262F79FB001111DD /* Frameworks */,
				D74E4B07262F79FB001111DD /* Resources */,
			);
			buildRules = (
			);
			dependencies = (
				D74E4B0B262F79FB001111DD /* PBXTargetDependency */,
			);
			name = SignUpTests;
			productName = SignUpTests;
			productReference = D74E4B09262F79FB001111DD /* SignUpTests.xctest */;
			productType = "com.apple.product-type.bundle.unit-test";
		};
		D74E4B13262F79FB001111DD /* SignUpUITests */ = {
			isa = PBXNativeTarget;
			buildConfigurationList = D74E4B23262F79FB001111DD /* Build configuration list for PBXNativeTarget "SignUpUITests" */;
			buildPhases = (
				D74E4B10262F79FB001111DD /* Sources */,
				D74E4B11262F79FB001111DD /* Frameworks */,
				D74E4B12262F79FB001111DD /* Resources */,
			);
			buildRules = (
			);
			dependencies = (
				D74E4B16262F79FB001111DD /* PBXTargetDependency */,
			);
			name = SignUpUITests;
			productName = SignUpUITests;
			productReference = D74E4B14262F79FB001111DD /* SignUpUITests.xctest */;
			productType = "com.apple.product-type.bundle.ui-testing";
		};
/* End PBXNativeTarget section */

/* Begin PBXProject section */
		D74E4AF0262F79F5001111DD /* Project object */ = {
			isa = PBXProject;
			attributes = {
				LastSwiftUpdateCheck = 1240;
				LastUpgradeCheck = 1240;
				TargetAttributes = {
					D74E4AF7262F79F5001111DD = {
						CreatedOnToolsVersion = 12.4;
					};
					D74E4B08262F79FB001111DD = {
						CreatedOnToolsVersion = 12.4;
						TestTargetID = D74E4AF7262F79F5001111DD;
					};
					D74E4B13262F79FB001111DD = {
						CreatedOnToolsVersion = 12.4;
						TestTargetID = D74E4AF7262F79F5001111DD;
					};
				};
			};
			buildConfigurationList = D74E4AF3262F79F5001111DD /* Build configuration list for PBXProject "SignUp" */;
			compatibilityVersion = "Xcode 9.3";
			developmentRegion = en;
			hasScannedForEncodings = 0;
			knownRegions = (
				en,
				Base,
			);
			mainGroup = D74E4AEF262F79F5001111DD;
			productRefGroup = D74E4AF9262F79F5001111DD /* Products */;
			projectDirPath = "";
			projectRoot = "";
			targets = (
				D74E4AF7262F79F5001111DD /* SignUp */,
				D74E4B08262F79FB001111DD /* SignUpTests */,
				D74E4B13262F79FB001111DD /* SignUpUITests */,
			);
		};
/* End PBXProject section */

/* Begin PBXResourcesBuildPhase section */
		D74E4AF6262F79F5001111DD /* Resources */ = {
			isa = PBXResourcesBuildPhase;
			buildActionMask = 2147483647;
			files = (
				D74E4B03262F79FA001111DD /* Preview Assets.xcassets in Resources */,
				D74E4B00262F79FA001111DD /* Assets.xcassets in Resources */,
			);
			runOnlyForDeploymentPostprocessing = 0;
		};
		D74E4B07262F79FB001111DD /* Resources */ = {
			isa = PBXResourcesBuildPhase;
			buildActionMask = 2147483647;
			files = (
			);
			runOnlyForDeploymentPostprocessing = 0;
		};
		D74E4B12262F79FB001111DD /* Resources */ = {
			isa = PBXResourcesBuildPhase;
			buildActionMask = 2147483647;
			files = (
			);
			runOnlyForDeploymentPostprocessing = 0;
		};
/* End PBXResourcesBuildPhase section */

/* Begin PBXSourcesBuildPhase section */
		D74E4AF4262F79F5001111DD /* Sources */ = {
			isa = PBXSourcesBuildPhase;
			buildActionMask = 2147483647;
			files = (
				D74E4AFE262F79F5001111DD /* ContentView.swift in Sources */,
				D71A6F0E26447B5D00084DFF /* EmailExtention.swift in Sources */,
				D74E4AFC262F79F5001111DD /* SignUpApp.swift in Sources */,
			);
			runOnlyForDeploymentPostprocessing = 0;
		};
		D74E4B05262F79FB001111DD /* Sources */ = {
			isa = PBXSourcesBuildPhase;
			buildActionMask = 2147483647;
			files = (
				D74E4B0E262F79FB001111DD /* SignUpTests.swift in Sources */,
			);
			runOnlyForDeploymentPostprocessing = 0;
		};
		D74E4B10262F79FB001111DD /* Sources */ = {
			isa = PBXSourcesBuildPhase;
			buildActionMask = 2147483647;
			files = (
				D74E4B19262F79FB001111DD /* SignUpUITests.swift in Sources */,
			);
			runOnlyForDeploymentPostprocessing = 0;
		};
/* End PBXSourcesBuildPhase section */

/* Begin PBXTargetDependency section */
		D74E4B0B262F79FB001111DD /* PBXTargetDependency */ = {
			isa = PBXTargetDependency;
			target = D74E4AF7262F79F5001111DD /* SignUp */;
			targetProxy = D74E4B0A262F79FB001111DD /* PBXContainerItemProxy */;
		};
		D74E4B16262F79FB001111DD /* PBXTargetDependency */ = {
			isa = PBXTargetDependency;
			target = D74E4AF7262F79F5001111DD /* SignUp */;
			targetProxy = D74E4B15262F79FB001111DD /* PBXContainerItemProxy */;
		};
/* End PBXTargetDependency section */

/* Begin XCBuildConfiguration section */
		D74E4B1B262F79FB001111DD /* Debug */ = {
			isa = XCBuildConfiguration;
			buildSettings = {
				ALWAYS_SEARCH_USER_PATHS = NO;
				CLANG_ANALYZER_NONNULL = YES;
				CLANG_ANALYZER_NUMBER_OBJECT_CONVERSION = YES_AGGRESSIVE;
				CLANG_CXX_LANGUAGE_STANDARD = "gnu++14";
				CLANG_CXX_LIBRARY = "libc++";
				CLANG_ENABLE_MODULES = YES;
				CLANG_ENABLE_OBJC_ARC = YES;
				CLANG_ENABLE_OBJC_WEAK = YES;
				CLANG_WARN_BLOCK_CAPTURE_AUTORELEASING = YES;
				CLANG_WARN_BOOL_CONVERSION = YES;
				CLANG_WARN_COMMA = YES;
				CLANG_WARN_CONSTANT_CONVERSION = YES;
				CLANG_WARN_DEPRECATED_OBJC_IMPLEMENTATIONS = YES;
				CLANG_WARN_DIRECT_OBJC_ISA_USAGE = YES_ERROR;
				CLANG_WARN_DOCUMENTATION_COMMENTS = YES;
				CLANG_WARN_EMPTY_BODY = YES;
				CLANG_WARN_ENUM_CONVERSION = YES;
				CLANG_WARN_INFINITE_RECURSION = YES;
				CLANG_WARN_INT_CONVERSION = YES;
				CLANG_WARN_NON_LITERAL_NULL_CONVERSION = YES;
				CLANG_WARN_OBJC_IMPLICIT_RETAIN_SELF = YES;
				CLANG_WARN_OBJC_LITERAL_CONVERSION = YES;
				CLANG_WARN_OBJC_ROOT_CLASS = YES_ERROR;
				CLANG_WARN_QUOTED_INCLUDE_IN_FRAMEWORK_HEADER = YES;
				CLANG_WARN_RANGE_LOOP_ANALYSIS = YES;
				CLANG_WARN_STRICT_PROTOTYPES = YES;
				CLANG_WARN_SUSPICIOUS_MOVE = YES;
				CLANG_WARN_UNGUARDED_AVAILABILITY = YES_AGGRESSIVE;
				CLANG_WARN_UNREACHABLE_CODE = YES;
				CLANG_WARN__DUPLICATE_METHOD_MATCH = YES;
				COPY_PHASE_STRIP = NO;
				DEBUG_INFORMATION_FORMAT = dwarf;
				ENABLE_STRICT_OBJC_MSGSEND = YES;
				ENABLE_TESTABILITY = YES;
				GCC_C_LANGUAGE_STANDARD = gnu11;
				GCC_DYNAMIC_NO_PIC = NO;
				GCC_NO_COMMON_BLOCKS = YES;
				GCC_OPTIMIZATION_LEVEL = 0;
				GCC_PREPROCESSOR_DEFINITIONS = (
					"DEBUG=1",
					"$(inherited)",
				);
				GCC_WARN_64_TO_32_BIT_CONVERSION = YES;
				GCC_WARN_ABOUT_RETURN_TYPE = YES_ERROR;
				GCC_WARN_UNDECLARED_SELECTOR = YES;
				GCC_WARN_UNINITIALIZED_AUTOS = YES_AGGRESSIVE;
				GCC_WARN_UNUSED_FUNCTION = YES;
				GCC_WARN_UNUSED_VARIABLE = YES;
				IPHONEOS_DEPLOYMENT_TARGET = 14.4;
				MTL_ENABLE_DEBUG_INFO = INCLUDE_SOURCE;
				MTL_FAST_MATH = YES;
				ONLY_ACTIVE_ARCH = YES;
				SDKROOT = iphoneos;
				SWIFT_ACTIVE_COMPILATION_CONDITIONS = DEBUG;
				SWIFT_OPTIMIZATION_LEVEL = "-Onone";
			};
			name = Debug;
		};
		D74E4B1C262F79FB001111DD /* Release */ = {
			isa = XCBuildConfiguration;
			buildSettings = {
				ALWAYS_SEARCH_USER_PATHS = NO;
				CLANG_ANALYZER_NONNULL = YES;
				CLANG_ANALYZER_NUMBER_OBJECT_CONVERSION = YES_AGGRESSIVE;
				CLANG_CXX_LANGUAGE_STANDARD = "gnu++14";
				CLANG_CXX_LIBRARY = "libc++";
				CLANG_ENABLE_MODULES = YES;
				CLANG_ENABLE_OBJC_ARC = YES;
				CLANG_ENABLE_OBJC_WEAK = YES;
				CLANG_WARN_BLOCK_CAPTURE_AUTORELEASING = YES;
				CLANG_WARN_BOOL_CONVERSION = YES;
				CLANG_WARN_COMMA = YES;
				CLANG_WARN_CONSTANT_CONVERSION = YES;
				CLANG_WARN_DEPRECATED_OBJC_IMPLEMENTATIONS = YES;
				CLANG_WARN_DIRECT_OBJC_ISA_USAGE = YES_ERROR;
				CLANG_WARN_DOCUMENTATION_COMMENTS = YES;
				CLANG_WARN_EMPTY_BODY = YES;
				CLANG_WARN_ENUM_CONVERSION = YES;
				CLANG_WARN_INFINITE_RECURSION = YES;
				CLANG_WARN_INT_CONVERSION = YES;
				CLANG_WARN_NON_LITERAL_NULL_CONVERSION = YES;
				CLANG_WARN_OBJC_IMPLICIT_RETAIN_SELF = YES;
				CLANG_WARN_OBJC_LITERAL_CONVERSION = YES;
				CLANG_WARN_OBJC_ROOT_CLASS = YES_ERROR;
				CLANG_WARN_QUOTED_INCLUDE_IN_FRAMEWORK_HEADER = YES;
				CLANG_WARN_RANGE_LOOP_ANALYSIS = YES;
				CLANG_WARN_STRICT_PROTOTYPES = YES;
				CLANG_WARN_SUSPICIOUS_MOVE = YES;
				CLANG_WARN_UNGUARDED_AVAILABILITY = YES_AGGRESSIVE;
				CLANG_WARN_UNREACHABLE_CODE = YES;
				CLANG_WARN__DUPLICATE_METHOD_MATCH = YES;
				COPY_PHASE_STRIP = NO;
				DEBUG_INFORMATION_FORMAT = "dwarf-with-dsym";
				ENABLE_NS_ASSERTIONS = NO;
				ENABLE_STRICT_OBJC_MSGSEND = YES;
				GCC_C_LANGUAGE_STANDARD = gnu11;
				GCC_NO_COMMON_BLOCKS = YES;
				GCC_WARN_64_TO_32_BIT_CONVERSION = YES;
				GCC_WARN_ABOUT_RETURN_TYPE = YES_ERROR;
				GCC_WARN_UNDECLARED_SELECTOR = YES;
				GCC_WARN_UNINITIALIZED_AUTOS = YES_AGGRESSIVE;
				GCC_WARN_UNUSED_FUNCTION = YES;
				GCC_WARN_UNUSED_VARIABLE = YES;
				IPHONEOS_DEPLOYMENT_TARGET = 14.4;
				MTL_ENABLE_DEBUG_INFO = NO;
				MTL_FAST_MATH = YES;
				SDKROOT = iphoneos;
				SWIFT_COMPILATION_MODE = wholemodule;
				SWIFT_OPTIMIZATION_LEVEL = "-O";
				VALIDATE_PRODUCT = YES;
			};
			name = Release;
		};
		D74E4B1E262F79FB001111DD /* Debug */ = {
			isa = XCBuildConfiguration;
			buildSettings = {
				ASSETCATALOG_COMPILER_APPICON_NAME = AppIcon;
				ASSETCATALOG_COMPILER_GLOBAL_ACCENT_COLOR_NAME = AccentColor;
				CODE_SIGN_STYLE = Automatic;
				DEVELOPMENT_ASSET_PATHS = "\"SignUp/Preview Content\"";
				DEVELOPMENT_TEAM = 5G8Y79X7ML;
				ENABLE_PREVIEWS = YES;
				INFOPLIST_FILE = SignUp/Info.plist;
				IPHONEOS_DEPLOYMENT_TARGET = 14.0;
				LD_RUNPATH_SEARCH_PATHS = (
					"$(inherited)",
					"@executable_path/Frameworks",
				);
				PRODUCT_BUNDLE_IDENTIFIER = com.desiree.jallow.SignUp;
				PRODUCT_NAME = "$(TARGET_NAME)";
				SWIFT_VERSION = 5.0;
				TARGETED_DEVICE_FAMILY = "1,2";
			};
			name = Debug;
		};
		D74E4B1F262F79FB001111DD /* Release */ = {
			isa = XCBuildConfiguration;
			buildSettings = {
				ASSETCATALOG_COMPILER_APPICON_NAME = AppIcon;
				ASSETCATALOG_COMPILER_GLOBAL_ACCENT_COLOR_NAME = AccentColor;
				CODE_SIGN_STYLE = Automatic;
				DEVELOPMENT_ASSET_PATHS = "\"SignUp/Preview Content\"";
				DEVELOPMENT_TEAM = 5G8Y79X7ML;
				ENABLE_PREVIEWS = YES;
				INFOPLIST_FILE = SignUp/Info.plist;
				IPHONEOS_DEPLOYMENT_TARGET = 14.0;
				LD_RUNPATH_SEARCH_PATHS = (
					"$(inherited)",
					"@executable_path/Frameworks",
				);
				PRODUCT_BUNDLE_IDENTIFIER = com.desiree.jallow.SignUp;
				PRODUCT_NAME = "$(TARGET_NAME)";
				SWIFT_VERSION = 5.0;
				TARGETED_DEVICE_FAMILY = "1,2";
			};
			name = Release;
		};
		D74E4B21262F79FB001111DD /* Debug */ = {
			isa = XCBuildConfiguration;
			buildSettings = {
				ALWAYS_EMBED_SWIFT_STANDARD_LIBRARIES = YES;
				BUNDLE_LOADER = "$(TEST_HOST)";
				CODE_SIGN_STYLE = Automatic;
				DEVELOPMENT_TEAM = 5G8Y79X7ML;
				INFOPLIST_FILE = SignUpTests/Info.plist;
				IPHONEOS_DEPLOYMENT_TARGET = 14.0;
				LD_RUNPATH_SEARCH_PATHS = (
					"$(inherited)",
					"@executable_path/Frameworks",
					"@loader_path/Frameworks",
				);
				PRODUCT_BUNDLE_IDENTIFIER = com.desiree.jallow.SignUpTests;
				PRODUCT_NAME = "$(TARGET_NAME)";
				SWIFT_VERSION = 5.0;
				TARGETED_DEVICE_FAMILY = "1,2";
				TEST_HOST = "$(BUILT_PRODUCTS_DIR)/SignUp.app/SignUp";
			};
			name = Debug;
		};
		D74E4B22262F79FB001111DD /* Release */ = {
			isa = XCBuildConfiguration;
			buildSettings = {
				ALWAYS_EMBED_SWIFT_STANDARD_LIBRARIES = YES;
				BUNDLE_LOADER = "$(TEST_HOST)";
				CODE_SIGN_STYLE = Automatic;
				DEVELOPMENT_TEAM = 5G8Y79X7ML;
				INFOPLIST_FILE = SignUpTests/Info.plist;
				IPHONEOS_DEPLOYMENT_TARGET = 14.0;
				LD_RUNPATH_SEARCH_PATHS = (
					"$(inherited)",
					"@executable_path/Frameworks",
					"@loader_path/Frameworks",
				);
				PRODUCT_BUNDLE_IDENTIFIER = com.desiree.jallow.SignUpTests;
				PRODUCT_NAME = "$(TARGET_NAME)";
				SWIFT_VERSION = 5.0;
				TARGETED_DEVICE_FAMILY = "1,2";
				TEST_HOST = "$(BUILT_PRODUCTS_DIR)/SignUp.app/SignUp";
			};
			name = Release;
		};
		D74E4B24262F79FB001111DD /* Debug */ = {
			isa = XCBuildConfiguration;
			buildSettings = {
				ALWAYS_EMBED_SWIFT_STANDARD_LIBRARIES = YES;
				CODE_SIGN_STYLE = Automatic;
				DEVELOPMENT_TEAM = 5G8Y79X7ML;
				INFOPLIST_FILE = SignUpUITests/Info.plist;
				LD_RUNPATH_SEARCH_PATHS = (
					"$(inherited)",
					"@executable_path/Frameworks",
					"@loader_path/Frameworks",
				);
				PRODUCT_BUNDLE_IDENTIFIER = com.desiree.jallow.SignUpUITests;
				PRODUCT_NAME = "$(TARGET_NAME)";
				SWIFT_VERSION = 5.0;
				TARGETED_DEVICE_FAMILY = "1,2";
				TEST_TARGET_NAME = SignUp;
			};
			name = Debug;
		};
		D74E4B25262F79FB001111DD /* Release */ = {
			isa = XCBuildConfiguration;
			buildSettings = {
				ALWAYS_EMBED_SWIFT_STANDARD_LIBRARIES = YES;
				CODE_SIGN_STYLE = Automatic;
				DEVELOPMENT_TEAM = 5G8Y79X7ML;
				INFOPLIST_FILE = SignUpUITests/Info.plist;
				LD_RUNPATH_SEARCH_PATHS = (
					"$(inherited)",
					"@executable_path/Frameworks",
					"@loader_path/Frameworks",
				);
				PRODUCT_BUNDLE_IDENTIFIER = com.desiree.jallow.SignUpUITests;
				PRODUCT_NAME = "$(TARGET_NAME)";
				SWIFT_VERSION = 5.0;
				TARGETED_DEVICE_FAMILY = "1,2";
				TEST_TARGET_NAME = SignUp;
			};
			name = Release;
		};
/* End XCBuildConfiguration section */

/* Begin XCConfigurationList section */
		D74E4AF3262F79F5001111DD /* Build configuration list for PBXProject "SignUp" */ = {
			isa = XCConfigurationList;
			buildConfigurations = (
				D74E4B1B262F79FB001111DD /* Debug */,
				D74E4B1C262F79FB001111DD /* Release */,
			);
			defaultConfigurationIsVisible = 0;
			defaultConfigurationName = Release;
		};
		D74E4B1D262F79FB001111DD /* Build configuration list for PBXNativeTarget "SignUp" */ = {
			isa = XCConfigurationList;
			buildConfigurations = (
				D74E4B1E262F79FB001111DD /* Debug */,
				D74E4B1F262F79FB001111DD /* Release */,
			);
			defaultConfigurationIsVisible = 0;
			defaultConfigurationName = Release;
		};
		D74E4B20262F79FB001111DD /* Build configuration list for PBXNativeTarget "SignUpTests" */ = {
			isa = XCConfigurationList;
			buildConfigurations = (
				D74E4B21262F79FB001111DD /* Debug */,
				D74E4B22262F79FB001111DD /* Release */,
			);
			defaultConfigurationIsVisible = 0;
			defaultConfigurationName = Release;
		};
		D74E4B23262F79FB001111DD /* Build configuration list for PBXNativeTarget "SignUpUITests" */ = {
			isa = XCConfigurationList;
			buildConfigurations = (
				D74E4B24262F79FB001111DD /* Debug */,
				D74E4B25262F79FB001111DD /* Release */,
			);
			defaultConfigurationIsVisible = 0;
			defaultConfigurationName = Release;
		};
/* End XCConfigurationList section */
	};
	rootObject = D74E4AF0262F79F5001111DD /* Project object */;
}
